PODS:
  - Flutter (1.0.0)
  - flutter_plugin_practice (0.0.1):
    - Flutter

DEPENDENCIES:
  - Flutter (from `Flutter`)
  - flutter_plugin_practice (from `.symlinks/plugins/flutter_plugin_practice/ios`)

EXTERNAL SOURCES:
  Flutter:
    :path: Flutter
  flutter_plugin_practice:
    :path: ".symlinks/plugins/flutter_plugin_practice/ios"

SPEC CHECKSUMS:
  Flutter: f04841e97a9d0b0a8025694d0796dd46242b2854
  flutter_plugin_practice: ca2595c840df67d34fa44e8960643abe6a30f03a

PODFILE CHECKSUM: 663715e941f9adb426e33bf9376914006f9ea95b

COCOAPODS: 1.12.0
